
Microsoft Visual Studio Solution File, Format Version 12.00
# Visual Studio Version 17
VisualStudioVersion = 17.8.34525.116
MinimumVisualStudioVersion = 10.0.40219.1
Project("{9A19103F-16F7-4668-BE54-9A1E7A4F7556}") = "Week3IfAndSwitch", "Week3IfAndSwitch\Week3IfAndSwitch.csproj", "{AA1B8580-578B-4D22-ADBA-478A1F7CA8F0}"
EndProject
Project("{9A19103F-16F7-4668-BE54-9A1E7A4F7556}") = "OddOrEven", "OddOrEven\OddOrEven.csproj", "{3D6EFF5F-0595-46CD-8A34-29F95F5C51AE}"
EndProject
Project("{9A19103F-16F7-4668-BE54-9A1E7A4F7556}") = "IfDayOfTheWeek", "IfDayOfTheWeek\IfDayOfTheWeek.csproj", "{CEE283DA-14E5-48C5-A5B9-E42413551473}"
EndProject
Project("{9A19103F-16F7-4668-BE54-9A1E7A4F7556}") = "SwitchDayOfTheWeek", "SwitchDayOfTheWeek\SwitchDayOfTheWeek.csproj", "{088D6536-317B-460B-8D5B-857E53C84987}"
EndProject
Project("{FAE04EC0-301F-11D3-BF4B-00C04F79EFBC}") = "Test3", "Test3\Test3.csproj", "{38B6F0DC-816F-43A3-8D1F-0F4EB0229E57}"
EndProject
Project("{FAE04EC0-301F-11D3-BF4B-00C04F79EFBC}") = "Test3Switch", "Test3Switch\Test3Switch.csproj", "{87580CE3-93D6-446B-B3CD-CFDF64EE7F0C}"
EndProject
Global
	GlobalSection(SolutionConfigurationPlatforms) = preSolution
		Debug|Any CPU = Debug|Any CPU
		Release|Any CPU = Release|Any CPU
	EndGlobalSection
	GlobalSection(ProjectConfigurationPlatforms) = postSolution
		{AA1B8580-578B-4D22-ADBA-478A1F7CA8F0}.Debug|Any CPU.ActiveCfg = Debug|Any CPU
		{AA1B8580-578B-4D22-ADBA-478A1F7CA8F0}.Debug|Any CPU.Build.0 = Debug|Any CPU
		{AA1B8580-578B-4D22-ADBA-478A1F7CA8F0}.Release|Any CPU.ActiveCfg = Release|Any CPU
		{AA1B8580-578B-4D22-ADBA-478A1F7CA8F0}.Release|Any CPU.Build.0 = Release|Any CPU
		{3D6EFF5F-0595-46CD-8A34-29F95F5C51AE}.Debug|Any CPU.ActiveCfg = Debug|Any CPU
		{3D6EFF5F-0595-46CD-8A34-29F95F5C51AE}.Debug|Any CPU.Build.0 = Debug|Any CPU
		{3D6EFF5F-0595-46CD-8A34-29F95F5C51AE}.Release|Any CPU.ActiveCfg = Release|Any CPU
		{3D6EFF5F-0595-46CD-8A34-29F95F5C51AE}.Release|Any CPU.Build.0 = Release|Any CPU
		{CEE283DA-14E5-48C5-A5B9-E42413551473}.Debug|Any CPU.ActiveCfg = Debug|Any CPU
		{CEE283DA-14E5-48C5-A5B9-E42413551473}.Debug|Any CPU.Build.0 = Debug|Any CPU
		{CEE283DA-14E5-48C5-A5B9-E42413551473}.Release|Any CPU.ActiveCfg = Release|Any CPU
		{CEE283DA-14E5-48C5-A5B9-E42413551473}.Release|Any CPU.Build.0 = Release|Any CPU
		{088D6536-317B-460B-8D5B-857E53C84987}.Debug|Any CPU.ActiveCfg = Debug|Any CPU
		{088D6536-317B-460B-8D5B-857E53C84987}.Debug|Any CPU.Build.0 = Debug|Any CPU
		{088D6536-317B-460B-8D5B-857E53C84987}.Release|Any CPU.ActiveCfg = Release|Any CPU
		{088D6536-317B-460B-8D5B-857E53C84987}.Release|Any CPU.Build.0 = Release|Any CPU
		{38B6F0DC-816F-43A3-8D1F-0F4EB0229E57}.Debug|Any CPU.ActiveCfg = Debug|Any CPU
		{38B6F0DC-816F-43A3-8D1F-0F4EB0229E57}.Debug|Any CPU.Build.0 = Debug|Any CPU
		{38B6F0DC-816F-43A3-8D1F-0F4EB0229E57}.Release|Any CPU.ActiveCfg = Release|Any CPU
		{38B6F0DC-816F-43A3-8D1F-0F4EB0229E57}.Release|Any CPU.Build.0 = Release|Any CPU
		{87580CE3-93D6-446B-B3CD-CFDF64EE7F0C}.Debug|Any CPU.ActiveCfg = Debug|Any CPU
		{87580CE3-93D6-446B-B3CD-CFDF64EE7F0C}.Debug|Any CPU.Build.0 = Debug|Any CPU
		{87580CE3-93D6-446B-B3CD-CFDF64EE7F0C}.Release|Any CPU.ActiveCfg = Release|Any CPU
		{87580CE3-93D6-446B-B3CD-CFDF64EE7F0C}.Release|Any CPU.Build.0 = Release|Any CPU
	EndGlobalSection
	GlobalSection(SolutionProperties) = preSolution
		HideSolutionNode = FALSE
	EndGlobalSection
	GlobalSection(ExtensibilityGlobals) = postSolution
		SolutionGuid = {0AD401A1-5D79-45A3-BB6C-CC2A804CA6B5}
	EndGlobalSection
EndGlobal
